
Microsoft Visual Studio Solution File, Format Version 12.00
# Visual Studio 15
VisualStudioVersion = 15.0.28307.1321
MinimumVisualStudioVersion = 10.0.40219.1
Project("{159641D6-6404-4A2A-AE62-294DE0FE8301}") = "18HTTT_07", "Integration Services Project1\18HTTT_07.dtproj", "{59D44ACD-94C7-4579-ACC9-FAFDF032F2C0}"
EndProject
Global
	GlobalSection(SolutionConfigurationPlatforms) = preSolution
		Development|Default = Development|Default
	EndGlobalSection
	GlobalSection(ProjectConfigurationPlatforms) = postSolution
		{59D44ACD-94C7-4579-ACC9-FAFDF032F2C0}.Development|Default.ActiveCfg = Development
		{59D44ACD-94C7-4579-ACC9-FAFDF032F2C0}.Development|Default.Build.0 = Development
	EndGlobalSection
	GlobalSection(SolutionProperties) = preSolution
		HideSolutionNode = FALSE
	EndGlobalSection
	GlobalSection(ExtensibilityGlobals) = postSolution
		SolutionGuid = {5DCBAB3E-29D2-44E2-A6BE-231BC057DAD9}
	EndGlobalSection
EndGlobal
