
Microsoft Visual Studio Solution File, Format Version 12.00
# Visual Studio 15
VisualStudioVersion = 15.0.28307.1705
MinimumVisualStudioVersion = 10.0.40219.1
Project("{D2ABAB84-BF74-430A-B69E-9DC6D40DDA17}") = "18HTTT_07_OLAPCUBE", "18HTTT_07_OLAPCUBE\18HTTT_07_OLAPCUBE.dwproj", "{4192B539-0275-4317-B35A-CCE2FD73AB8B}"
EndProject
Global
	GlobalSection(SolutionConfigurationPlatforms) = preSolution
		Development|Default = Development|Default
	EndGlobalSection
	GlobalSection(ProjectConfigurationPlatforms) = postSolution
		{4192B539-0275-4317-B35A-CCE2FD73AB8B}.Development|Default.ActiveCfg = Development
		{4192B539-0275-4317-B35A-CCE2FD73AB8B}.Development|Default.Build.0 = Development
		{4192B539-0275-4317-B35A-CCE2FD73AB8B}.Development|Default.Deploy.0 = Development
	EndGlobalSection
	GlobalSection(SolutionProperties) = preSolution
		HideSolutionNode = FALSE
	EndGlobalSection
	GlobalSection(ExtensibilityGlobals) = postSolution
		SolutionGuid = {0EE13D3A-5E58-4BDE-A2D4-970B44910904}
	EndGlobalSection
EndGlobal
