
Microsoft Visual Studio Solution File, Format Version 12.00
# Visual Studio 15
VisualStudioVersion = 15.0.28307.1705
MinimumVisualStudioVersion = 10.0.40219.1
Project("{D2ABAB84-BF74-430A-B69E-9DC6D40DDA17}") = "18HTTT_07_DataMining", "18HTTT_07_DataMining\18HTTT_07_DataMining.dwproj", "{DB75164A-51CF-4B7B-AD3D-0F0195B226A1}"
EndProject
Global
	GlobalSection(SolutionConfigurationPlatforms) = preSolution
		Development|Default = Development|Default
	EndGlobalSection
	GlobalSection(ProjectConfigurationPlatforms) = postSolution
		{DB75164A-51CF-4B7B-AD3D-0F0195B226A1}.Development|Default.ActiveCfg = Development
		{DB75164A-51CF-4B7B-AD3D-0F0195B226A1}.Development|Default.Build.0 = Development
		{DB75164A-51CF-4B7B-AD3D-0F0195B226A1}.Development|Default.Deploy.0 = Development
	EndGlobalSection
	GlobalSection(SolutionProperties) = preSolution
		HideSolutionNode = FALSE
	EndGlobalSection
	GlobalSection(ExtensibilityGlobals) = postSolution
		SolutionGuid = {DDBB1A3A-ED54-44DE-8176-798AE4FDEF5F}
	EndGlobalSection
EndGlobal
